PODS:
  - Flutter (1.0.0)
  - Qualaroo (1.14.8)
  - qualaroo_flutter (0.0.1):
    - Flutter
    - Qualaroo

DEPENDENCIES:
  - Flutter (from `Flutter`)
  - Qualaroo (from `https://github.com/qualaroo/ios-sdk.git`, tag `1.14.8`)
  - qualaroo_flutter (from `.symlinks/plugins/qualaroo_flutter/ios`)

EXTERNAL SOURCES:
  Flutter:
    :path: Flutter
  Qualaroo:
    :git: https://github.com/qualaroo/ios-sdk.git
    :tag: 1.14.8
  qualaroo_flutter:
    :path: ".symlinks/plugins/qualaroo_flutter/ios"

CHECKOUT OPTIONS:
  Qualaroo:
    :git: https://github.com/qualaroo/ios-sdk.git
    :tag: 1.14.8

SPEC CHECKSUMS:
  Flutter: cabc95a1d2626b1b06e7179b784ebcf0c0cde467
  Qualaroo: 5ffe577571a234b4a882cdf8ae5fd3b275fc8fd2
  qualaroo_flutter: 970412264f9a9cfcd87db301d38011734b860247

PODFILE CHECKSUM: e47eedcb3265224d8e94841af3a47b2ff1d923f3

COCOAPODS: 1.16.2
