PODS:
  - Flutter (1.0.0)
  - Qualaroo (1.14.9)
  - qualaroo_flutter_sdk (0.0.3):
    - Flutter
    - Qualaroo

DEPENDENCIES:
  - Flutter (from `Flutter`)
  - Qualaroo (from `https://github.com/qualaroo/ios-sdk.git`, tag `1.14.9`)
  - qualaroo_flutter_sdk (from `.symlinks/plugins/qualaroo_flutter_sdk/ios`)

EXTERNAL SOURCES:
  Flutter:
    :path: Flutter
  Qualaroo:
    :git: https://github.com/qualaroo/ios-sdk.git
    :tag: 1.14.9
  qualaroo_flutter_sdk:
    :path: ".symlinks/plugins/qualaroo_flutter_sdk/ios"

CHECKOUT OPTIONS:
  Qualaroo:
    :git: https://github.com/qualaroo/ios-sdk.git
    :tag: 1.14.9

SPEC CHECKSUMS:
  Flutter: cabc95a1d2626b1b06e7179b784ebcf0c0cde467
  Qualaroo: 56cf4b0c9580e9de50c2c494335afd71e6958894
  qualaroo_flutter_sdk: dcf32b684d15cd8e0fc75e25d6705647f4677276

PODFILE CHECKSUM: ede06b1fd11a855d0adad7c725e5a3cd82707b3a

COCOAPODS: 1.16.2
